// !$*UTF8*$!
{
	archiveVersion = 1;
	classes = {
	};
	objectVersion = 50;
	objects = {

/* Begin PBXBuildFile section */
		7554D51D2691EF50005ABDEF /* AppDelegate.swift in Sources */ = {isa = PBXBuildFile; fileRef = 7554D51C2691EF50005ABDEF /* AppDelegate.swift */; };
		7554D51F2691EF50005ABDEF /* SceneDelegate.swift in Sources */ = {isa = PBXBuildFile; fileRef = 7554D51E2691EF50005ABDEF /* SceneDelegate.swift */; };
		7554D5212691EF50005ABDEF /* ViewController.swift in Sources */ = {isa = PBXBuildFile; fileRef = 7554D5202691EF50005ABDEF /* ViewController.swift */; };
		7554D5242691EF50005ABDEF /* Main.storyboard in Resources */ = {isa = PBXBuildFile; fileRef = 7554D5222691EF50005ABDEF /* Main.storyboard */; };
		7554D5262691EF52005ABDEF /* Assets.xcassets in Resources */ = {isa = PBXBuildFile; fileRef = 7554D5252691EF52005ABDEF /* Assets.xcassets */; };
		7554D5292691EF52005ABDEF /* LaunchScreen.storyboard in Resources */ = {isa = PBXBuildFile; fileRef = 7554D5272691EF52005ABDEF /* LaunchScreen.storyboard */; };
		7554D5342691EF52005ABDEF /* ssnihonTests.swift in Sources */ = {isa = PBXBuildFile; fileRef = 7554D5332691EF52005ABDEF /* ssnihonTests.swift */; };
		7554D53F2691EF52005ABDEF /* ssnihonUITests.swift in Sources */ = {isa = PBXBuildFile; fileRef = 7554D53E2691EF52005ABDEF /* ssnihonUITests.swift */; };
/* End PBXBuildFile section */

/* Begin PBXContainerItemProxy section */
		7554D5302691EF52005ABDEF /* PBXContainerItemProxy */ = {
			isa = PBXContainerItemProxy;
			containerPortal = 7554D5112691EF50005ABDEF /* Project object */;
			proxyType = 1;
			remoteGlobalIDString = 7554D5182691EF50005ABDEF;
			remoteInfo = ssnihon;
		};
		7554D53B2691EF52005ABDEF /* PBXContainerItemProxy */ = {
			isa = PBXContainerItemProxy;
			containerPortal = 7554D5112691EF50005ABDEF /* Project object */;
			proxyType = 1;
			remoteGlobalIDString = 7554D5182691EF50005ABDEF;
			remoteInfo = ssnihon;
		};
/* End PBXContainerItemProxy section */

/* Begin PBXFileReference section */
		7554D5192691EF50005ABDEF /* ssnihon.app */ = {isa = PBXFileReference; explicitFileType = wrapper.application; includeInIndex = 0; path = ssnihon.app; sourceTree = BUILT_PRODUCTS_DIR; };
		7554D51C2691EF50005ABDEF /* AppDelegate.swift */ = {isa = PBXFileReference; lastKnownFileType = sourcecode.swift; path = AppDelegate.swift; sourceTree = "<group>"; };
		7554D51E2691EF50005ABDEF /* SceneDelegate.swift */ = {isa = PBXFileReference; lastKnownFileType = sourcecode.swift; path = SceneDelegate.swift; sourceTree = "<group>"; };
		7554D5202691EF50005ABDEF /* ViewController.swift */ = {isa = PBXFileReference; lastKnownFileType = sourcecode.swift; path = ViewController.swift; sourceTree = "<group>"; };
		7554D5232691EF50005ABDEF /* Base */ = {isa = PBXFileReference; lastKnownFileType = file.storyboard; name = Base; path = Base.lproj/Main.storyboard; sourceTree = "<group>"; };
		7554D5252691EF52005ABDEF /* Assets.xcassets */ = {isa = PBXFileReference; lastKnownFileType = folder.assetcatalog; path = Assets.xcassets; sourceTree = "<group>"; };
		7554D5282691EF52005ABDEF /* Base */ = {isa = PBXFileReference; lastKnownFileType = file.storyboard; name = Base; path = Base.lproj/LaunchScreen.storyboard; sourceTree = "<group>"; };
		7554D52A2691EF52005ABDEF /* Info.plist */ = {isa = PBXFileReference; lastKnownFileType = text.plist.xml; path = Info.plist; sourceTree = "<group>"; };
		7554D52F2691EF52005ABDEF /* ssnihonTests.xctest */ = {isa = PBXFileReference; explicitFileType = wrapper.cfbundle; includeInIndex = 0; path = ssnihonTests.xctest; sourceTree = BUILT_PRODUCTS_DIR; };
		7554D5332691EF52005ABDEF /* ssnihonTests.swift */ = {isa = PBXFileReference; lastKnownFileType = sourcecode.swift; path = ssnihonTests.swift; sourceTree = "<group>"; };
		7554D5352691EF52005ABDEF /* Info.plist */ = {isa = PBXFileReference; lastKnownFileType = text.plist.xml; path = Info.plist; sourceTree = "<group>"; };
		7554D53A2691EF52005ABDEF /* ssnihonUITests.xctest */ = {isa = PBXFileReference; explicitFileType = wrapper.cfbundle; includeInIndex = 0; path = ssnihonUITests.xctest; sourceTree = BUILT_PRODUCTS_DIR; };
		7554D53E2691EF52005ABDEF /* ssnihonUITests.swift */ = {isa = PBXFileReference; lastKnownFileType = sourcecode.swift; path = ssnihonUITests.swift; sourceTree = "<group>"; };
		7554D5402691EF52005ABDEF /* Info.plist */ = {isa = PBXFileReference; lastKnownFileType = text.plist.xml; path = Info.plist; sourceTree = "<group>"; };
/* End PBXFileReference section */

/* Begin PBXFrameworksBuildPhase section */
		7554D5162691EF50005ABDEF /* Frameworks */ = {
			isa = PBXFrameworksBuildPhase;
			buildActionMask = 2147483647;
			files = (
			);
			runOnlyForDeploymentPostprocessing = 0;
		};
		7554D52C2691EF52005ABDEF /* Frameworks */ = {
			isa = PBXFrameworksBuildPhase;
			buildActionMask = 2147483647;
			files = (
			);
			runOnlyForDeploymentPostprocessing = 0;
		};
		7554D5372691EF52005ABDEF /* Frameworks */ = {
			isa = PBXFrameworksBuildPhase;
			buildActionMask = 2147483647;
			files = (
			);
			runOnlyForDeploymentPostprocessing = 0;
		};
/* End PBXFrameworksBuildPhase section */

/* Begin PBXGroup section */
		7554D5102691EF50005ABDEF = {
			isa = PBXGroup;
			children = (
				7554D51B2691EF50005ABDEF /* ssnihon */,
				7554D5322691EF52005ABDEF /* ssnihonTests */,
				7554D53D2691EF52005ABDEF /* ssnihonUITests */,
				7554D51A2691EF50005ABDEF /* Products */,
			);
			sourceTree = "<group>";
		};
		7554D51A2691EF50005ABDEF /* Products */ = {
			isa = PBXGroup;
			children = (
				7554D5192691EF50005ABDEF /* ssnihon.app */,
				7554D52F2691EF52005ABDEF /* ssnihonTests.xctest */,
				7554D53A2691EF52005ABDEF /* ssnihonUITests.xctest */,
			);
			name = Products;
			sourceTree = "<group>";
		};
		7554D51B2691EF50005ABDEF /* ssnihon */ = {
			isa = PBXGroup;
			children = (
				7554D51C2691EF50005ABDEF /* AppDelegate.swift */,
				7554D51E2691EF50005ABDEF /* SceneDelegate.swift */,
				7554D5202691EF50005ABDEF /* ViewController.swift */,
				7554D5222691EF50005ABDEF /* Main.storyboard */,
				7554D5252691EF52005ABDEF /* Assets.xcassets */,
				7554D5272691EF52005ABDEF /* LaunchScreen.storyboard */,
				7554D52A2691EF52005ABDEF /* Info.plist */,
			);
			path = ssnihon;
			sourceTree = "<group>";
		};
		7554D5322691EF52005ABDEF /* ssnihonTests */ = {
			isa = PBXGroup;
			children = (
				7554D5332691EF52005ABDEF /* ssnihonTests.swift */,
				7554D5352691EF52005ABDEF /* Info.plist */,
			);
			path = ssnihonTests;
			sourceTree = "<group>";
		};
		7554D53D2691EF52005ABDEF /* ssnihonUITests */ = {
			isa = PBXGroup;
			children = (
				7554D53E2691EF52005ABDEF /* ssnihonUITests.swift */,
				7554D5402691EF52005ABDEF /* Info.plist */,
			);
			path = ssnihonUITests;
			sourceTree = "<group>";
		};
/* End PBXGroup section */

/* Begin PBXNativeTarget section */
		7554D5182691EF50005ABDEF /* ssnihon */ = {
			isa = PBXNativeTarget;
			buildConfigurationList = 7554D5432691EF52005ABDEF /* Build configuration list for PBXNativeTarget "ssnihon" */;
			buildPhases = (
				7554D5152691EF50005ABDEF /* Sources */,
				7554D5162691EF50005ABDEF /* Frameworks */,
				7554D5172691EF50005ABDEF /* Resources */,
			);
			buildRules = (
			);
			dependencies = (
			);
			name = ssnihon;
			productName = ssnihon;
			productReference = 7554D5192691EF50005ABDEF /* ssnihon.app */;
			productType = "com.apple.product-type.application";
		};
		7554D52E2691EF52005ABDEF /* ssnihonTests */ = {
			isa = PBXNativeTarget;
			buildConfigurationList = 7554D5462691EF52005ABDEF /* Build configuration list for PBXNativeTarget "ssnihonTests" */;
			buildPhases = (
				7554D52B2691EF52005ABDEF /* Sources */,
				7554D52C2691EF52005ABDEF /* Frameworks */,
				7554D52D2691EF52005ABDEF /* Resources */,
			);
			buildRules = (
			);
			dependencies = (
				7554D5312691EF52005ABDEF /* PBXTargetDependency */,
			);
			name = ssnihonTests;
			productName = ssnihonTests;
			productReference = 7554D52F2691EF52005ABDEF /* ssnihonTests.xctest */;
			productType = "com.apple.product-type.bundle.unit-test";
		};
		7554D5392691EF52005ABDEF /* ssnihonUITests */ = {
			isa = PBXNativeTarget;
			buildConfigurationList = 7554D5492691EF52005ABDEF /* Build configuration list for PBXNativeTarget "ssnihonUITests" */;
			buildPhases = (
				7554D5362691EF52005ABDEF /* Sources */,
				7554D5372691EF52005ABDEF /* Frameworks */,
				7554D5382691EF52005ABDEF /* Resources */,
			);
			buildRules = (
			);
			dependencies = (
				7554D53C2691EF52005ABDEF /* PBXTargetDependency */,
			);
			name = ssnihonUITests;
			productName = ssnihonUITests;
			productReference = 7554D53A2691EF52005ABDEF /* ssnihonUITests.xctest */;
			productType = "com.apple.product-type.bundle.ui-testing";
		};
/* End PBXNativeTarget section */

/* Begin PBXProject section */
		7554D5112691EF50005ABDEF /* Project object */ = {
			isa = PBXProject;
			attributes = {
				LastSwiftUpdateCheck = 1250;
				LastUpgradeCheck = 1250;
				TargetAttributes = {
					7554D5182691EF50005ABDEF = {
						CreatedOnToolsVersion = 12.5.1;
					};
					7554D52E2691EF52005ABDEF = {
						CreatedOnToolsVersion = 12.5.1;
						TestTargetID = 7554D5182691EF50005ABDEF;
					};
					7554D5392691EF52005ABDEF = {
						CreatedOnToolsVersion = 12.5.1;
						TestTargetID = 7554D5182691EF50005ABDEF;
					};
				};
			};
			buildConfigurationList = 7554D5142691EF50005ABDEF /* Build configuration list for PBXProject "ssnihon" */;
			compatibilityVersion = "Xcode 9.3";
			developmentRegion = en;
			hasScannedForEncodings = 0;
			knownRegions = (
				en,
				Base,
			);
			mainGroup = 7554D5102691EF50005ABDEF;
			productRefGroup = 7554D51A2691EF50005ABDEF /* Products */;
			projectDirPath = "";
			projectRoot = "";
			targets = (
				7554D5182691EF50005ABDEF /* ssnihon */,
				7554D52E2691EF52005ABDEF /* ssnihonTests */,
				7554D5392691EF52005ABDEF /* ssnihonUITests */,
			);
		};
/* End PBXProject section */

/* Begin PBXResourcesBuildPhase section */
		7554D5172691EF50005ABDEF /* Resources */ = {
			isa = PBXResourcesBuildPhase;
			buildActionMask = 2147483647;
			files = (
				7554D5292691EF52005ABDEF /* LaunchScreen.storyboard in Resources */,
				7554D5262691EF52005ABDEF /* Assets.xcassets in Resources */,
				7554D5242691EF50005ABDEF /* Main.storyboard in Resources */,
			);
			runOnlyForDeploymentPostprocessing = 0;
		};
		7554D52D2691EF52005ABDEF /* Resources */ = {
			isa = PBXResourcesBuildPhase;
			buildActionMask = 2147483647;
			files = (
			);
			runOnlyForDeploymentPostprocessing = 0;
		};
		7554D5382691EF52005ABDEF /* Resources */ = {
			isa = PBXResourcesBuildPhase;
			buildActionMask = 2147483647;
			files = (
			);
			runOnlyForDeploymentPostprocessing = 0;
		};
/* End PBXResourcesBuildPhase section */

/* Begin PBXSourcesBuildPhase section */
		7554D5152691EF50005ABDEF /* Sources */ = {
			isa = PBXSourcesBuildPhase;
			buildActionMask = 2147483647;
			files = (
				7554D5212691EF50005ABDEF /* ViewController.swift in Sources */,
				7554D51D2691EF50005ABDEF /* AppDelegate.swift in Sources */,
				7554D51F2691EF50005ABDEF /* SceneDelegate.swift in Sources */,
			);
			runOnlyForDeploymentPostprocessing = 0;
		};
		7554D52B2691EF52005ABDEF /* Sources */ = {
			isa = PBXSourcesBuildPhase;
			buildActionMask = 2147483647;
			files = (
				7554D5342691EF52005ABDEF /* ssnihonTests.swift in Sources */,
			);
			runOnlyForDeploymentPostprocessing = 0;
		};
		7554D5362691EF52005ABDEF /* Sources */ = {
			isa = PBXSourcesBuildPhase;
			buildActionMask = 2147483647;
			files = (
				7554D53F2691EF52005ABDEF /* ssnihonUITests.swift in Sources */,
			);
			runOnlyForDeploymentPostprocessing = 0;
		};
/* End PBXSourcesBuildPhase section */

/* Begin PBXTargetDependency section */
		7554D5312691EF52005ABDEF /* PBXTargetDependency */ = {
			isa = PBXTargetDependency;
			target = 7554D5182691EF50005ABDEF /* ssnihon */;
			targetProxy = 7554D5302691EF52005ABDEF /* PBXContainerItemProxy */;
		};
		7554D53C2691EF52005ABDEF /* PBXTargetDependency */ = {
			isa = PBXTargetDependency;
			target = 7554D5182691EF50005ABDEF /* ssnihon */;
			targetProxy = 7554D53B2691EF52005ABDEF /* PBXContainerItemProxy */;
		};
/* End PBXTargetDependency section */

/* Begin PBXVariantGroup section */
		7554D5222691EF50005ABDEF /* Main.storyboard */ = {
			isa = PBXVariantGroup;
			children = (
				7554D5232691EF50005ABDEF /* Base */,
			);
			name = Main.storyboard;
			sourceTree = "<group>";
		};
		7554D5272691EF52005ABDEF /* LaunchScreen.storyboard */ = {
			isa = PBXVariantGroup;
			children = (
				7554D5282691EF52005ABDEF /* Base */,
			);
			name = LaunchScreen.storyboard;
			sourceTree = "<group>";
		};
/* End PBXVariantGroup section */

/* Begin XCBuildConfiguration section */
		7554D5412691EF52005ABDEF /* Debug */ = {
			isa = XCBuildConfiguration;
			buildSettings = {
				ALWAYS_SEARCH_USER_PATHS = NO;
				CLANG_ANALYZER_NONNULL = YES;
				CLANG_ANALYZER_NUMBER_OBJECT_CONVERSION = YES_AGGRESSIVE;
				CLANG_CXX_LANGUAGE_STANDARD = "gnu++14";
				CLANG_CXX_LIBRARY = "libc++";
				CLANG_ENABLE_MODULES = YES;
				CLANG_ENABLE_OBJC_ARC = YES;
				CLANG_ENABLE_OBJC_WEAK = YES;
				CLANG_WARN_BLOCK_CAPTURE_AUTORELEASING = YES;
				CLANG_WARN_BOOL_CONVERSION = YES;
				CLANG_WARN_COMMA = YES;
				CLANG_WARN_CONSTANT_CONVERSION = YES;
				CLANG_WARN_DEPRECATED_OBJC_IMPLEMENTATIONS = YES;
				CLANG_WARN_DIRECT_OBJC_ISA_USAGE = YES_ERROR;
				CLANG_WARN_DOCUMENTATION_COMMENTS = YES;
				CLANG_WARN_EMPTY_BODY = YES;
				CLANG_WARN_ENUM_CONVERSION = YES;
				CLANG_WARN_INFINITE_RECURSION = YES;
				CLANG_WARN_INT_CONVERSION = YES;
				CLANG_WARN_NON_LITERAL_NULL_CONVERSION = YES;
				CLANG_WARN_OBJC_IMPLICIT_RETAIN_SELF = YES;
				CLANG_WARN_OBJC_LITERAL_CONVERSION = YES;
				CLANG_WARN_OBJC_ROOT_CLASS = YES_ERROR;
				CLANG_WARN_QUOTED_INCLUDE_IN_FRAMEWORK_HEADER = YES;
				CLANG_WARN_RANGE_LOOP_ANALYSIS = YES;
				CLANG_WARN_STRICT_PROTOTYPES = YES;
				CLANG_WARN_SUSPICIOUS_MOVE = YES;
				CLANG_WARN_UNGUARDED_AVAILABILITY = YES_AGGRESSIVE;
				CLANG_WARN_UNREACHABLE_CODE = YES;
				CLANG_WARN__DUPLICATE_METHOD_MATCH = YES;
				COPY_PHASE_STRIP = NO;
				DEBUG_INFORMATION_FORMAT = dwarf;
				ENABLE_STRICT_OBJC_MSGSEND = YES;
				ENABLE_TESTABILITY = YES;
				GCC_C_LANGUAGE_STANDARD = gnu11;
				GCC_DYNAMIC_NO_PIC = NO;
				GCC_NO_COMMON_BLOCKS = YES;
				GCC_OPTIMIZATION_LEVEL = 0;
				GCC_PREPROCESSOR_DEFINITIONS = (
					"DEBUG=1",
					"$(inherited)",
				);
				GCC_WARN_64_TO_32_BIT_CONVERSION = YES;
				GCC_WARN_ABOUT_RETURN_TYPE = YES_ERROR;
				GCC_WARN_UNDECLARED_SELECTOR = YES;
				GCC_WARN_UNINITIALIZED_AUTOS = YES_AGGRESSIVE;
				GCC_WARN_UNUSED_FUNCTION = YES;
				GCC_WARN_UNUSED_VARIABLE = YES;
				IPHONEOS_DEPLOYMENT_TARGET = 14.5;
				MTL_ENABLE_DEBUG_INFO = INCLUDE_SOURCE;
				MTL_FAST_MATH = YES;
				ONLY_ACTIVE_ARCH = YES;
				SDKROOT = iphoneos;
				SWIFT_ACTIVE_COMPILATION_CONDITIONS = DEBUG;
				SWIFT_OPTIMIZATION_LEVEL = "-Onone";
			};
			name = Debug;
		};
		7554D5422691EF52005ABDEF /* Release */ = {
			isa = XCBuildConfiguration;
			buildSettings = {
				ALWAYS_SEARCH_USER_PATHS = NO;
				CLANG_ANALYZER_NONNULL = YES;
				CLANG_ANALYZER_NUMBER_OBJECT_CONVERSION = YES_AGGRESSIVE;
				CLANG_CXX_LANGUAGE_STANDARD = "gnu++14";
				CLANG_CXX_LIBRARY = "libc++";
				CLANG_ENABLE_MODULES = YES;
				CLANG_ENABLE_OBJC_ARC = YES;
				CLANG_ENABLE_OBJC_WEAK = YES;
				CLANG_WARN_BLOCK_CAPTURE_AUTORELEASING = YES;
				CLANG_WARN_BOOL_CONVERSION = YES;
				CLANG_WARN_COMMA = YES;
				CLANG_WARN_CONSTANT_CONVERSION = YES;
				CLANG_WARN_DEPRECATED_OBJC_IMPLEMENTATIONS = YES;
				CLANG_WARN_DIRECT_OBJC_ISA_USAGE = YES_ERROR;
				CLANG_WARN_DOCUMENTATION_COMMENTS = YES;
				CLANG_WARN_EMPTY_BODY = YES;
				CLANG_WARN_ENUM_CONVERSION = YES;
				CLANG_WARN_INFINITE_RECURSION = YES;
				CLANG_WARN_INT_CONVERSION = YES;
				CLANG_WARN_NON_LITERAL_NULL_CONVERSION = YES;
				CLANG_WARN_OBJC_IMPLICIT_RETAIN_SELF = YES;
				CLANG_WARN_OBJC_LITERAL_CONVERSION = YES;
				CLANG_WARN_OBJC_ROOT_CLASS = YES_ERROR;
				CLANG_WARN_QUOTED_INCLUDE_IN_FRAMEWORK_HEADER = YES;
				CLANG_WARN_RANGE_LOOP_ANALYSIS = YES;
				CLANG_WARN_STRICT_PROTOTYPES = YES;
				CLANG_WARN_SUSPICIOUS_MOVE = YES;
				CLANG_WARN_UNGUARDED_AVAILABILITY = YES_AGGRESSIVE;
				CLANG_WARN_UNREACHABLE_CODE = YES;
				CLANG_WARN__DUPLICATE_METHOD_MATCH = YES;
				COPY_PHASE_STRIP = NO;
				DEBUG_INFORMATION_FORMAT = "dwarf-with-dsym";
				ENABLE_NS_ASSERTIONS = NO;
				ENABLE_STRICT_OBJC_MSGSEND = YES;
				GCC_C_LANGUAGE_STANDARD = gnu11;
				GCC_NO_COMMON_BLOCKS = YES;
				GCC_WARN_64_TO_32_BIT_CONVERSION = YES;
				GCC_WARN_ABOUT_RETURN_TYPE = YES_ERROR;
				GCC_WARN_UNDECLARED_SELECTOR = YES;
				GCC_WARN_UNINITIALIZED_AUTOS = YES_AGGRESSIVE;
				GCC_WARN_UNUSED_FUNCTION = YES;
				GCC_WARN_UNUSED_VARIABLE = YES;
				IPHONEOS_DEPLOYMENT_TARGET = 14.5;
				MTL_ENABLE_DEBUG_INFO = NO;
				MTL_FAST_MATH = YES;
				SDKROOT = iphoneos;
				SWIFT_COMPILATION_MODE = wholemodule;
				SWIFT_OPTIMIZATION_LEVEL = "-O";
				VALIDATE_PRODUCT = YES;
			};
			name = Release;
		};
		7554D5442691EF52005ABDEF /* Debug */ = {
			isa = XCBuildConfiguration;
			buildSettings = {
				ASSETCATALOG_COMPILER_APPICON_NAME = AppIcon;
				ASSETCATALOG_COMPILER_GLOBAL_ACCENT_COLOR_NAME = AccentColor;
				CODE_SIGN_STYLE = Automatic;
				DEVELOPMENT_TEAM = C588WVY738;
				INFOPLIST_FILE = ssnihon/Info.plist;
				LD_RUNPATH_SEARCH_PATHS = (
					"$(inherited)",
					"@executable_path/Frameworks",
				);
				PRODUCT_BUNDLE_IDENTIFIER = com.kazuki.ssnihon;
				PRODUCT_NAME = "$(TARGET_NAME)";
				SWIFT_VERSION = 5.0;
				TARGETED_DEVICE_FAMILY = "1,2";
			};
			name = Debug;
		};
		7554D5452691EF52005ABDEF /* Release */ = {
			isa = XCBuildConfiguration;
			buildSettings = {
				ASSETCATALOG_COMPILER_APPICON_NAME = AppIcon;
				ASSETCATALOG_COMPILER_GLOBAL_ACCENT_COLOR_NAME = AccentColor;
				CODE_SIGN_STYLE = Automatic;
				DEVELOPMENT_TEAM = C588WVY738;
				INFOPLIST_FILE = ssnihon/Info.plist;
				LD_RUNPATH_SEARCH_PATHS = (
					"$(inherited)",
					"@executable_path/Frameworks",
				);
				PRODUCT_BUNDLE_IDENTIFIER = com.kazuki.ssnihon;
				PRODUCT_NAME = "$(TARGET_NAME)";
				SWIFT_VERSION = 5.0;
				TARGETED_DEVICE_FAMILY = "1,2";
			};
			name = Release;
		};
		7554D5472691EF52005ABDEF /* Debug */ = {
			isa = XCBuildConfiguration;
			buildSettings = {
				ALWAYS_EMBED_SWIFT_STANDARD_LIBRARIES = YES;
				BUNDLE_LOADER = "$(TEST_HOST)";
				CODE_SIGN_STYLE = Automatic;
				DEVELOPMENT_TEAM = C588WVY738;
				INFOPLIST_FILE = ssnihonTests/Info.plist;
				IPHONEOS_DEPLOYMENT_TARGET = 14.5;
				LD_RUNPATH_SEARCH_PATHS = (
					"$(inherited)",
					"@executable_path/Frameworks",
					"@loader_path/Frameworks",
				);
				PRODUCT_BUNDLE_IDENTIFIER = com.kazuki.ssnihonTests;
				PRODUCT_NAME = "$(TARGET_NAME)";
				SWIFT_VERSION = 5.0;
				TARGETED_DEVICE_FAMILY = "1,2";
				TEST_HOST = "$(BUILT_PRODUCTS_DIR)/ssnihon.app/ssnihon";
			};
			name = Debug;
		};
		7554D5482691EF52005ABDEF /* Release */ = {
			isa = XCBuildConfiguration;
			buildSettings = {
				ALWAYS_EMBED_SWIFT_STANDARD_LIBRARIES = YES;
				BUNDLE_LOADER = "$(TEST_HOST)";
				CODE_SIGN_STYLE = Automatic;
				DEVELOPMENT_TEAM = C588WVY738;
				INFOPLIST_FILE = ssnihonTests/Info.plist;
				IPHONEOS_DEPLOYMENT_TARGET = 14.5;
				LD_RUNPATH_SEARCH_PATHS = (
					"$(inherited)",
					"@executable_path/Frameworks",
					"@loader_path/Frameworks",
				);
				PRODUCT_BUNDLE_IDENTIFIER = com.kazuki.ssnihonTests;
				PRODUCT_NAME = "$(TARGET_NAME)";
				SWIFT_VERSION = 5.0;
				TARGETED_DEVICE_FAMILY = "1,2";
				TEST_HOST = "$(BUILT_PRODUCTS_DIR)/ssnihon.app/ssnihon";
			};
			name = Release;
		};
		7554D54A2691EF52005ABDEF /* Debug */ = {
			isa = XCBuildConfiguration;
			buildSettings = {
				ALWAYS_EMBED_SWIFT_STANDARD_LIBRARIES = YES;
				CODE_SIGN_STYLE = Automatic;
				DEVELOPMENT_TEAM = C588WVY738;
				INFOPLIST_FILE = ssnihonUITests/Info.plist;
				LD_RUNPATH_SEARCH_PATHS = (
					"$(inherited)",
					"@executable_path/Frameworks",
					"@loader_path/Frameworks",
				);
				PRODUCT_BUNDLE_IDENTIFIER = com.kazuki.ssnihonUITests;
				PRODUCT_NAME = "$(TARGET_NAME)";
				SWIFT_VERSION = 5.0;
				TARGETED_DEVICE_FAMILY = "1,2";
				TEST_TARGET_NAME = ssnihon;
			};
			name = Debug;
		};
		7554D54B2691EF52005ABDEF /* Release */ = {
			isa = XCBuildConfiguration;
			buildSettings = {
				ALWAYS_EMBED_SWIFT_STANDARD_LIBRARIES = YES;
				CODE_SIGN_STYLE = Automatic;
				DEVELOPMENT_TEAM = C588WVY738;
				INFOPLIST_FILE = ssnihonUITests/Info.plist;
				LD_RUNPATH_SEARCH_PATHS = (
					"$(inherited)",
					"@executable_path/Frameworks",
					"@loader_path/Frameworks",
				);
				PRODUCT_BUNDLE_IDENTIFIER = com.kazuki.ssnihonUITests;
				PRODUCT_NAME = "$(TARGET_NAME)";
				SWIFT_VERSION = 5.0;
				TARGETED_DEVICE_FAMILY = "1,2";
				TEST_TARGET_NAME = ssnihon;
			};
			name = Release;
		};
/* End XCBuildConfiguration section */

/* Begin XCConfigurationList section */
		7554D5142691EF50005ABDEF /* Build configuration list for PBXProject "ssnihon" */ = {
			isa = XCConfigurationList;
			buildConfigurations = (
				7554D5412691EF52005ABDEF /* Debug */,
				7554D5422691EF52005ABDEF /* Release */,
			);
			defaultConfigurationIsVisible = 0;
			defaultConfigurationName = Release;
		};
		7554D5432691EF52005ABDEF /* Build configuration list for PBXNativeTarget "ssnihon" */ = {
			isa = XCConfigurationList;
			buildConfigurations = (
				7554D5442691EF52005ABDEF /* Debug */,
				7554D5452691EF52005ABDEF /* Release */,
			);
			defaultConfigurationIsVisible = 0;
			defaultConfigurationName = Release;
		};
		7554D5462691EF52005ABDEF /* Build configuration list for PBXNativeTarget "ssnihonTests" */ = {
			isa = XCConfigurationList;
			buildConfigurations = (
				7554D5472691EF52005ABDEF /* Debug */,
				7554D5482691EF52005ABDEF /* Release */,
			);
			defaultConfigurationIsVisible = 0;
			defaultConfigurationName = Release;
		};
		7554D5492691EF52005ABDEF /* Build configuration list for PBXNativeTarget "ssnihonUITests" */ = {
			isa = XCConfigurationList;
			buildConfigurations = (
				7554D54A2691EF52005ABDEF /* Debug */,
				7554D54B2691EF52005ABDEF /* Release */,
			);
			defaultConfigurationIsVisible = 0;
			defaultConfigurationName = Release;
		};
/* End XCConfigurationList section */
	};
	rootObject = 7554D5112691EF50005ABDEF /* Project object */;
}
